// !$*UTF8*$!
{
	archiveVersion = 1;
	classes = {
	};
	objectVersion = 48;
	objects = {

/* Begin PBXBuildFile section */
		C90427BD206AC7450057F8F8 /* AppDelegate.swift in Sources */ = {isa = PBXBuildFile; fileRef = C90427BC206AC7450057F8F8 /* AppDelegate.swift */; };
		C90427BF206AC7450057F8F8 /* ViewController.swift in Sources */ = {isa = PBXBuildFile; fileRef = C90427BE206AC7450057F8F8 /* ViewController.swift */; };
		C90427C2206AC7450057F8F8 /* Main.storyboard in Resources */ = {isa = PBXBuildFile; fileRef = C90427C0206AC7450057F8F8 /* Main.storyboard */; };
		C90427C4206AC7450057F8F8 /* Assets.xcassets in Resources */ = {isa = PBXBuildFile; fileRef = C90427C3206AC7450057F8F8 /* Assets.xcassets */; };
		C90427C7206AC7450057F8F8 /* LaunchScreen.storyboard in Resources */ = {isa = PBXBuildFile; fileRef = C90427C5206AC7450057F8F8 /* LaunchScreen.storyboard */; };
		C90427D1206AC74F0057F8F8 /* Search.swift in Sources */ = {isa = PBXBuildFile; fileRef = C90427CE206AC74F0057F8F8 /* Search.swift */; };
		C90427D2206AC74F0057F8F8 /* PriorityQueue.swift in Sources */ = {isa = PBXBuildFile; fileRef = C90427CF206AC74F0057F8F8 /* PriorityQueue.swift */; };
		C90427D3206AC74F0057F8F8 /* TileGame.swift in Sources */ = {isa = PBXBuildFile; fileRef = C90427D0206AC74F0057F8F8 /* TileGame.swift */; };
/* End PBXBuildFile section */

/* Begin PBXFileReference section */
		C90427B9206AC7450057F8F8 /* TileFlip.app */ = {isa = PBXFileReference; explicitFileType = wrapper.application; includeInIndex = 0; path = TileFlip.app; sourceTree = BUILT_PRODUCTS_DIR; };
		C90427BC206AC7450057F8F8 /* AppDelegate.swift */ = {isa = PBXFileReference; lastKnownFileType = sourcecode.swift; path = AppDelegate.swift; sourceTree = "<group>"; };
		C90427BE206AC7450057F8F8 /* ViewController.swift */ = {isa = PBXFileReference; lastKnownFileType = sourcecode.swift; path = ViewController.swift; sourceTree = "<group>"; };
		C90427C1206AC7450057F8F8 /* Base */ = {isa = PBXFileReference; lastKnownFileType = file.storyboard; name = Base; path = Base.lproj/Main.storyboard; sourceTree = "<group>"; };
		C90427C3206AC7450057F8F8 /* Assets.xcassets */ = {isa = PBXFileReference; lastKnownFileType = folder.assetcatalog; path = Assets.xcassets; sourceTree = "<group>"; };
		C90427C6206AC7450057F8F8 /* Base */ = {isa = PBXFileReference; lastKnownFileType = file.storyboard; name = Base; path = Base.lproj/LaunchScreen.storyboard; sourceTree = "<group>"; };
		C90427C8206AC7450057F8F8 /* Info.plist */ = {isa = PBXFileReference; lastKnownFileType = text.plist.xml; path = Info.plist; sourceTree = "<group>"; };
		C90427CE206AC74F0057F8F8 /* Search.swift */ = {isa = PBXFileReference; fileEncoding = 4; lastKnownFileType = sourcecode.swift; path = Search.swift; sourceTree = "<group>"; };
		C90427CF206AC74F0057F8F8 /* PriorityQueue.swift */ = {isa = PBXFileReference; fileEncoding = 4; lastKnownFileType = sourcecode.swift; path = PriorityQueue.swift; sourceTree = "<group>"; };
		C90427D0206AC74F0057F8F8 /* TileGame.swift */ = {isa = PBXFileReference; fileEncoding = 4; lastKnownFileType = sourcecode.swift; path = TileGame.swift; sourceTree = "<group>"; };
/* End PBXFileReference section */

/* Begin PBXFrameworksBuildPhase section */
		C90427B6206AC7450057F8F8 /* Frameworks */ = {
			isa = PBXFrameworksBuildPhase;
			buildActionMask = 2147483647;
			files = (
			);
			runOnlyForDeploymentPostprocessing = 0;
		};
/* End PBXFrameworksBuildPhase section */

/* Begin PBXGroup section */
		C90427B0206AC7450057F8F8 = {
			isa = PBXGroup;
			children = (
				C90427BB206AC7450057F8F8 /* TileFlip */,
				C90427BA206AC7450057F8F8 /* Products */,
			);
			sourceTree = "<group>";
		};
		C90427BA206AC7450057F8F8 /* Products */ = {
			isa = PBXGroup;
			children = (
				C90427B9206AC7450057F8F8 /* TileFlip.app */,
			);
			name = Products;
			sourceTree = "<group>";
		};
		C90427BB206AC7450057F8F8 /* TileFlip */ = {
			isa = PBXGroup;
			children = (
				C90427BC206AC7450057F8F8 /* AppDelegate.swift */,
				C90427BE206AC7450057F8F8 /* ViewController.swift */,
				C90427CF206AC74F0057F8F8 /* PriorityQueue.swift */,
				C90427CE206AC74F0057F8F8 /* Search.swift */,
				C90427D0206AC74F0057F8F8 /* TileGame.swift */,
				C90427C0206AC7450057F8F8 /* Main.storyboard */,
				C90427C3206AC7450057F8F8 /* Assets.xcassets */,
				C90427C5206AC7450057F8F8 /* LaunchScreen.storyboard */,
				C90427C8206AC7450057F8F8 /* Info.plist */,
			);
			path = TileFlip;
			sourceTree = "<group>";
		};
/* End PBXGroup section */

/* Begin PBXNativeTarget section */
		C90427B8206AC7450057F8F8 /* TileFlip */ = {
			isa = PBXNativeTarget;
			buildConfigurationList = C90427CB206AC7450057F8F8 /* Build configuration list for PBXNativeTarget "TileFlip" */;
			buildPhases = (
				C90427B5206AC7450057F8F8 /* Sources */,
				C90427B6206AC7450057F8F8 /* Frameworks */,
				C90427B7206AC7450057F8F8 /* Resources */,
			);
			buildRules = (
			);
			dependencies = (
			);
			name = TileFlip;
			productName = TileFlip;
			productReference = C90427B9206AC7450057F8F8 /* TileFlip.app */;
			productType = "com.apple.product-type.application";
		};
/* End PBXNativeTarget section */

/* Begin PBXProject section */
		C90427B1206AC7450057F8F8 /* Project object */ = {
			isa = PBXProject;
			attributes = {
				LastSwiftUpdateCheck = 0920;
				LastUpgradeCheck = 0920;
				ORGANIZATIONNAME = MattRuston;
				TargetAttributes = {
					C90427B8206AC7450057F8F8 = {
						CreatedOnToolsVersion = 9.2;
						ProvisioningStyle = Automatic;
					};
				};
			};
			buildConfigurationList = C90427B4206AC7450057F8F8 /* Build configuration list for PBXProject "TileFlip" */;
			compatibilityVersion = "Xcode 8.0";
			developmentRegion = en;
			hasScannedForEncodings = 0;
			knownRegions = (
				en,
				Base,
			);
			mainGroup = C90427B0206AC7450057F8F8;
			productRefGroup = C90427BA206AC7450057F8F8 /* Products */;
			projectDirPath = "";
			projectRoot = "";
			targets = (
				C90427B8206AC7450057F8F8 /* TileFlip */,
			);
		};
/* End PBXProject section */

/* Begin PBXResourcesBuildPhase section */
		C90427B7206AC7450057F8F8 /* Resources */ = {
			isa = PBXResourcesBuildPhase;
			buildActionMask = 2147483647;
			files = (
				C90427C7206AC7450057F8F8 /* LaunchScreen.storyboard in Resources */,
				C90427C4206AC7450057F8F8 /* Assets.xcassets in Resources */,
				C90427C2206AC7450057F8F8 /* Main.storyboard in Resources */,
			);
			runOnlyForDeploymentPostprocessing = 0;
		};
/* End PBXResourcesBuildPhase section */

/* Begin PBXSourcesBuildPhase section */
		C90427B5206AC7450057F8F8 /* Sources */ = {
			isa = PBXSourcesBuildPhase;
			buildActionMask = 2147483647;
			files = (
				C90427D1206AC74F0057F8F8 /* Search.swift in Sources */,
				C90427D2206AC74F0057F8F8 /* PriorityQueue.swift in Sources */,
				C90427BF206AC7450057F8F8 /* ViewController.swift in Sources */,
				C90427D3206AC74F0057F8F8 /* TileGame.swift in Sources */,
				C90427BD206AC7450057F8F8 /* AppDelegate.swift in Sources */,
			);
			runOnlyForDeploymentPostprocessing = 0;
		};
/* End PBXSourcesBuildPhase section */

/* Begin PBXVariantGroup section */
		C90427C0206AC7450057F8F8 /* Main.storyboard */ = {
			isa = PBXVariantGroup;
			children = (
				C90427C1206AC7450057F8F8 /* Base */,
			);
			name = Main.storyboard;
			sourceTree = "<group>";
		};
		C90427C5206AC7450057F8F8 /* LaunchScreen.storyboard */ = {
			isa = PBXVariantGroup;
			children = (
				C90427C6206AC7450057F8F8 /* Base */,
			);
			name = LaunchScreen.storyboard;
			sourceTree = "<group>";
		};
/* End PBXVariantGroup section */

/* Begin XCBuildConfiguration section */
		C90427C9206AC7450057F8F8 /* Debug */ = {
			isa = XCBuildConfiguration;
			buildSettings = {
				ALWAYS_SEARCH_USER_PATHS = NO;
				CLANG_ANALYZER_NONNULL = YES;
				CLANG_ANALYZER_NUMBER_OBJECT_CONVERSION = YES_AGGRESSIVE;
				CLANG_CXX_LANGUAGE_STANDARD = "gnu++14";
				CLANG_CXX_LIBRARY = "libc++";
				CLANG_ENABLE_MODULES = YES;
				CLANG_ENABLE_OBJC_ARC = YES;
				CLANG_WARN_BLOCK_CAPTURE_AUTORELEASING = YES;
				CLANG_WARN_BOOL_CONVERSION = YES;
				CLANG_WARN_COMMA = YES;
				CLANG_WARN_CONSTANT_CONVERSION = YES;
				CLANG_WARN_DIRECT_OBJC_ISA_USAGE = YES_ERROR;
				CLANG_WARN_DOCUMENTATION_COMMENTS = YES;
				CLANG_WARN_EMPTY_BODY = YES;
				CLANG_WARN_ENUM_CONVERSION = YES;
				CLANG_WARN_INFINITE_RECURSION = YES;
				CLANG_WARN_INT_CONVERSION = YES;
				CLANG_WARN_NON_LITERAL_NULL_CONVERSION = YES;
				CLANG_WARN_OBJC_LITERAL_CONVERSION = YES;
				CLANG_WARN_OBJC_ROOT_CLASS = YES_ERROR;
				CLANG_WARN_RANGE_LOOP_ANALYSIS = YES;
				CLANG_WARN_STRICT_PROTOTYPES = YES;
				CLANG_WARN_SUSPICIOUS_MOVE = YES;
				CLANG_WARN_UNGUARDED_AVAILABILITY = YES_AGGRESSIVE;
				CLANG_WARN_UNREACHABLE_CODE = YES;
				CLANG_WARN__DUPLICATE_METHOD_MATCH = YES;
				CODE_SIGN_IDENTITY = "iPhone Developer";
				COPY_PHASE_STRIP = NO;
				DEBUG_INFORMATION_FORMAT = dwarf;
				ENABLE_STRICT_OBJC_MSGSEND = YES;
				ENABLE_TESTABILITY = YES;
				GCC_C_LANGUAGE_STANDARD = gnu11;
				GCC_DYNAMIC_NO_PIC = NO;
				GCC_NO_COMMON_BLOCKS = YES;
				GCC_OPTIMIZATION_LEVEL = 0;
				GCC_PREPROCESSOR_DEFINITIONS = (
					"DEBUG=1",
					"$(inherited)",
				);
				GCC_WARN_64_TO_32_BIT_CONVERSION = YES;
				GCC_WARN_ABOUT_RETURN_TYPE = YES_ERROR;
				GCC_WARN_UNDECLARED_SELECTOR = YES;
				GCC_WARN_UNINITIALIZED_AUTOS = YES_AGGRESSIVE;
				GCC_WARN_UNUSED_FUNCTION = YES;
				GCC_WARN_UNUSED_VARIABLE = YES;
				IPHONEOS_DEPLOYMENT_TARGET = 11.2;
				MTL_ENABLE_DEBUG_INFO = YES;
				ONLY_ACTIVE_ARCH = YES;
				SDKROOT = iphoneos;
				SWIFT_ACTIVE_COMPILATION_CONDITIONS = DEBUG;
				SWIFT_OPTIMIZATION_LEVEL = "-Onone";
			};
			name = Debug;
		};
		C90427CA206AC7450057F8F8 /* Release */ = {
			isa = XCBuildConfiguration;
			buildSettings = {
				ALWAYS_SEARCH_USER_PATHS = NO;
				CLANG_ANALYZER_NONNULL = YES;
				CLANG_ANALYZER_NUMBER_OBJECT_CONVERSION = YES_AGGRESSIVE;
				CLANG_CXX_LANGUAGE_STANDARD = "gnu++14";
				CLANG_CXX_LIBRARY = "libc++";
				CLANG_ENABLE_MODULES = YES;
				CLANG_ENABLE_OBJC_ARC = YES;
				CLANG_WARN_BLOCK_CAPTURE_AUTORELEASING = YES;
				CLANG_WARN_BOOL_CONVERSION = YES;
				CLANG_WARN_COMMA = YES;
				CLANG_WARN_CONSTANT_CONVERSION = YES;
				CLANG_WARN_DIRECT_OBJC_ISA_USAGE = YES_ERROR;
				CLANG_WARN_DOCUMENTATION_COMMENTS = YES;
				CLANG_WARN_EMPTY_BODY = YES;
				CLANG_WARN_ENUM_CONVERSION = YES;
				CLANG_WARN_INFINITE_RECURSION = YES;
				CLANG_WARN_INT_CONVERSION = YES;
				CLANG_WARN_NON_LITERAL_NULL_CONVERSION = YES;
				CLANG_WARN_OBJC_LITERAL_CONVERSION = YES;
				CLANG_WARN_OBJC_ROOT_CLASS = YES_ERROR;
				CLANG_WARN_RANGE_LOOP_ANALYSIS = YES;
				CLANG_WARN_STRICT_PROTOTYPES = YES;
				CLANG_WARN_SUSPICIOUS_MOVE = YES;
				CLANG_WARN_UNGUARDED_AVAILABILITY = YES_AGGRESSIVE;
				CLANG_WARN_UNREACHABLE_CODE = YES;
				CLANG_WARN__DUPLICATE_METHOD_MATCH = YES;
				CODE_SIGN_IDENTITY = "iPhone Developer";
				COPY_PHASE_STRIP = NO;
				DEBUG_INFORMATION_FORMAT = "dwarf-with-dsym";
				ENABLE_NS_ASSERTIONS = NO;
				ENABLE_STRICT_OBJC_MSGSEND = YES;
				GCC_C_LANGUAGE_STANDARD = gnu11;
				GCC_NO_COMMON_BLOCKS = YES;
				GCC_WARN_64_TO_32_BIT_CONVERSION = YES;
				GCC_WARN_ABOUT_RETURN_TYPE = YES_ERROR;
				GCC_WARN_UNDECLARED_SELECTOR = YES;
				GCC_WARN_UNINITIALIZED_AUTOS = YES_AGGRESSIVE;
				GCC_WARN_UNUSED_FUNCTION = YES;
				GCC_WARN_UNUSED_VARIABLE = YES;
				IPHONEOS_DEPLOYMENT_TARGET = 11.2;
				MTL_ENABLE_DEBUG_INFO = NO;
				SDKROOT = iphoneos;
				SWIFT_OPTIMIZATION_LEVEL = "-Owholemodule";
				VALIDATE_PRODUCT = YES;
			};
			name = Release;
		};
		C90427CC206AC7450057F8F8 /* Debug */ = {
			isa = XCBuildConfiguration;
			buildSettings = {
				ASSETCATALOG_COMPILER_APPICON_NAME = AppIcon;
				CODE_SIGN_STYLE = Automatic;
				DEVELOPMENT_TEAM = RB2R7U7P8Z;
				INFOPLIST_FILE = TileFlip/Info.plist;
				LD_RUNPATH_SEARCH_PATHS = "$(inherited) @executable_path/Frameworks";
				PRODUCT_BUNDLE_IDENTIFIER = MR.TileFlip;
				PRODUCT_NAME = "$(TARGET_NAME)";
				SWIFT_VERSION = 4.0;
				TARGETED_DEVICE_FAMILY = "1,2";
			};
			name = Debug;
		};
		C90427CD206AC7450057F8F8 /* Release */ = {
			isa = XCBuildConfiguration;
			buildSettings = {
				ASSETCATALOG_COMPILER_APPICON_NAME = AppIcon;
				CODE_SIGN_STYLE = Automatic;
				DEVELOPMENT_TEAM = RB2R7U7P8Z;
				INFOPLIST_FILE = TileFlip/Info.plist;
				LD_RUNPATH_SEARCH_PATHS = "$(inherited) @executable_path/Frameworks";
				PRODUCT_BUNDLE_IDENTIFIER = MR.TileFlip;
				PRODUCT_NAME = "$(TARGET_NAME)";
				SWIFT_VERSION = 4.0;
				TARGETED_DEVICE_FAMILY = "1,2";
			};
			name = Release;
		};
/* End XCBuildConfiguration section */

/* Begin XCConfigurationList section */
		C90427B4206AC7450057F8F8 /* Build configuration list for PBXProject "TileFlip" */ = {
			isa = XCConfigurationList;
			buildConfigurations = (
				C90427C9206AC7450057F8F8 /* Debug */,
				C90427CA206AC7450057F8F8 /* Release */,
			);
			defaultConfigurationIsVisible = 0;
			defaultConfigurationName = Release;
		};
		C90427CB206AC7450057F8F8 /* Build configuration list for PBXNativeTarget "TileFlip" */ = {
			isa = XCConfigurationList;
			buildConfigurations = (
				C90427CC206AC7450057F8F8 /* Debug */,
				C90427CD206AC7450057F8F8 /* Release */,
			);
			defaultConfigurationIsVisible = 0;
			defaultConfigurationName = Release;
		};
/* End XCConfigurationList section */
	};
	rootObject = C90427B1206AC7450057F8F8 /* Project object */;
}
